// !$*UTF8*$!
{
	archiveVersion = 1;
	classes = {
	};
	objectVersion = 50;
	objects = {

/* Begin PBXBuildFile section */
		A2BC0C8923D8EE7500B4A0C4 /* AppDelegate.swift in Sources */ = {isa = PBXBuildFile; fileRef = A2BC0C8823D8EE7500B4A0C4 /* AppDelegate.swift */; };
		A2BC0C8B23D8EE7500B4A0C4 /* SceneDelegate.swift in Sources */ = {isa = PBXBuildFile; fileRef = A2BC0C8A23D8EE7500B4A0C4 /* SceneDelegate.swift */; };
		A2BC0C8D23D8EE7500B4A0C4 /* ViewController.swift in Sources */ = {isa = PBXBuildFile; fileRef = A2BC0C8C23D8EE7500B4A0C4 /* ViewController.swift */; };
		A2BC0C9023D8EE7500B4A0C4 /* Main.storyboard in Resources */ = {isa = PBXBuildFile; fileRef = A2BC0C8E23D8EE7500B4A0C4 /* Main.storyboard */; };
		A2BC0C9223D8EE7A00B4A0C4 /* Assets.xcassets in Resources */ = {isa = PBXBuildFile; fileRef = A2BC0C9123D8EE7A00B4A0C4 /* Assets.xcassets */; };
		A2BC0C9523D8EE7A00B4A0C4 /* LaunchScreen.storyboard in Resources */ = {isa = PBXBuildFile; fileRef = A2BC0C9323D8EE7A00B4A0C4 /* LaunchScreen.storyboard */; };
		A2BC0CA023D8EE7A00B4A0C4 /* Magic_8_BallTests.swift in Sources */ = {isa = PBXBuildFile; fileRef = A2BC0C9F23D8EE7A00B4A0C4 /* Magic_8_BallTests.swift */; };
		A2BC0CAB23D8EE7A00B4A0C4 /* Magic_8_BallUITests.swift in Sources */ = {isa = PBXBuildFile; fileRef = A2BC0CAA23D8EE7A00B4A0C4 /* Magic_8_BallUITests.swift */; };
/* End PBXBuildFile section */

/* Begin PBXContainerItemProxy section */
		A2BC0C9C23D8EE7A00B4A0C4 /* PBXContainerItemProxy */ = {
			isa = PBXContainerItemProxy;
			containerPortal = A2BC0C7D23D8EE7500B4A0C4 /* Project object */;
			proxyType = 1;
			remoteGlobalIDString = A2BC0C8423D8EE7500B4A0C4;
			remoteInfo = "Magic 8 Ball";
		};
		A2BC0CA723D8EE7A00B4A0C4 /* PBXContainerItemProxy */ = {
			isa = PBXContainerItemProxy;
			containerPortal = A2BC0C7D23D8EE7500B4A0C4 /* Project object */;
			proxyType = 1;
			remoteGlobalIDString = A2BC0C8423D8EE7500B4A0C4;
			remoteInfo = "Magic 8 Ball";
		};
/* End PBXContainerItemProxy section */

/* Begin PBXFileReference section */
		A2BC0C8523D8EE7500B4A0C4 /* Magic 8 Ball.app */ = {isa = PBXFileReference; explicitFileType = wrapper.application; includeInIndex = 0; path = "Magic 8 Ball.app"; sourceTree = BUILT_PRODUCTS_DIR; };
		A2BC0C8823D8EE7500B4A0C4 /* AppDelegate.swift */ = {isa = PBXFileReference; lastKnownFileType = sourcecode.swift; path = AppDelegate.swift; sourceTree = "<group>"; };
		A2BC0C8A23D8EE7500B4A0C4 /* SceneDelegate.swift */ = {isa = PBXFileReference; lastKnownFileType = sourcecode.swift; path = SceneDelegate.swift; sourceTree = "<group>"; };
		A2BC0C8C23D8EE7500B4A0C4 /* ViewController.swift */ = {isa = PBXFileReference; lastKnownFileType = sourcecode.swift; path = ViewController.swift; sourceTree = "<group>"; };
		A2BC0C8F23D8EE7500B4A0C4 /* Base */ = {isa = PBXFileReference; lastKnownFileType = file.storyboard; name = Base; path = Base.lproj/Main.storyboard; sourceTree = "<group>"; };
		A2BC0C9123D8EE7A00B4A0C4 /* Assets.xcassets */ = {isa = PBXFileReference; lastKnownFileType = folder.assetcatalog; path = Assets.xcassets; sourceTree = "<group>"; };
		A2BC0C9423D8EE7A00B4A0C4 /* Base */ = {isa = PBXFileReference; lastKnownFileType = file.storyboard; name = Base; path = Base.lproj/LaunchScreen.storyboard; sourceTree = "<group>"; };
		A2BC0C9623D8EE7A00B4A0C4 /* Info.plist */ = {isa = PBXFileReference; lastKnownFileType = text.plist.xml; path = Info.plist; sourceTree = "<group>"; };
		A2BC0C9B23D8EE7A00B4A0C4 /* Magic 8 BallTests.xctest */ = {isa = PBXFileReference; explicitFileType = wrapper.cfbundle; includeInIndex = 0; path = "Magic 8 BallTests.xctest"; sourceTree = BUILT_PRODUCTS_DIR; };
		A2BC0C9F23D8EE7A00B4A0C4 /* Magic_8_BallTests.swift */ = {isa = PBXFileReference; lastKnownFileType = sourcecode.swift; path = Magic_8_BallTests.swift; sourceTree = "<group>"; };
		A2BC0CA123D8EE7A00B4A0C4 /* Info.plist */ = {isa = PBXFileReference; lastKnownFileType = text.plist.xml; path = Info.plist; sourceTree = "<group>"; };
		A2BC0CA623D8EE7A00B4A0C4 /* Magic 8 BallUITests.xctest */ = {isa = PBXFileReference; explicitFileType = wrapper.cfbundle; includeInIndex = 0; path = "Magic 8 BallUITests.xctest"; sourceTree = BUILT_PRODUCTS_DIR; };
		A2BC0CAA23D8EE7A00B4A0C4 /* Magic_8_BallUITests.swift */ = {isa = PBXFileReference; lastKnownFileType = sourcecode.swift; path = Magic_8_BallUITests.swift; sourceTree = "<group>"; };
		A2BC0CAC23D8EE7A00B4A0C4 /* Info.plist */ = {isa = PBXFileReference; lastKnownFileType = text.plist.xml; path = Info.plist; sourceTree = "<group>"; };
/* End PBXFileReference section */

/* Begin PBXFrameworksBuildPhase section */
		A2BC0C8223D8EE7500B4A0C4 /* Frameworks */ = {
			isa = PBXFrameworksBuildPhase;
			buildActionMask = 2147483647;
			files = (
			);
			runOnlyForDeploymentPostprocessing = 0;
		};
		A2BC0C9823D8EE7A00B4A0C4 /* Frameworks */ = {
			isa = PBXFrameworksBuildPhase;
			buildActionMask = 2147483647;
			files = (
			);
			runOnlyForDeploymentPostprocessing = 0;
		};
		A2BC0CA323D8EE7A00B4A0C4 /* Frameworks */ = {
			isa = PBXFrameworksBuildPhase;
			buildActionMask = 2147483647;
			files = (
			);
			runOnlyForDeploymentPostprocessing = 0;
		};
/* End PBXFrameworksBuildPhase section */

/* Begin PBXGroup section */
		A2BC0C7C23D8EE7500B4A0C4 = {
			isa = PBXGroup;
			children = (
				A2BC0C8723D8EE7500B4A0C4 /* Magic 8 Ball */,
				A2BC0C9E23D8EE7A00B4A0C4 /* Magic 8 BallTests */,
				A2BC0CA923D8EE7A00B4A0C4 /* Magic 8 BallUITests */,
				A2BC0C8623D8EE7500B4A0C4 /* Products */,
			);
			sourceTree = "<group>";
		};
		A2BC0C8623D8EE7500B4A0C4 /* Products */ = {
			isa = PBXGroup;
			children = (
				A2BC0C8523D8EE7500B4A0C4 /* Magic 8 Ball.app */,
				A2BC0C9B23D8EE7A00B4A0C4 /* Magic 8 BallTests.xctest */,
				A2BC0CA623D8EE7A00B4A0C4 /* Magic 8 BallUITests.xctest */,
			);
			name = Products;
			sourceTree = "<group>";
		};
		A2BC0C8723D8EE7500B4A0C4 /* Magic 8 Ball */ = {
			isa = PBXGroup;
			children = (
				A2BC0C8823D8EE7500B4A0C4 /* AppDelegate.swift */,
				A2BC0C8A23D8EE7500B4A0C4 /* SceneDelegate.swift */,
				A2BC0C8C23D8EE7500B4A0C4 /* ViewController.swift */,
				A2BC0C8E23D8EE7500B4A0C4 /* Main.storyboard */,
				A2BC0C9123D8EE7A00B4A0C4 /* Assets.xcassets */,
				A2BC0C9323D8EE7A00B4A0C4 /* LaunchScreen.storyboard */,
				A2BC0C9623D8EE7A00B4A0C4 /* Info.plist */,
			);
			path = "Magic 8 Ball";
			sourceTree = "<group>";
		};
		A2BC0C9E23D8EE7A00B4A0C4 /* Magic 8 BallTests */ = {
			isa = PBXGroup;
			children = (
				A2BC0C9F23D8EE7A00B4A0C4 /* Magic_8_BallTests.swift */,
				A2BC0CA123D8EE7A00B4A0C4 /* Info.plist */,
			);
			path = "Magic 8 BallTests";
			sourceTree = "<group>";
		};
		A2BC0CA923D8EE7A00B4A0C4 /* Magic 8 BallUITests */ = {
			isa = PBXGroup;
			children = (
				A2BC0CAA23D8EE7A00B4A0C4 /* Magic_8_BallUITests.swift */,
				A2BC0CAC23D8EE7A00B4A0C4 /* Info.plist */,
			);
			path = "Magic 8 BallUITests";
			sourceTree = "<group>";
		};
/* End PBXGroup section */

/* Begin PBXNativeTarget section */
		A2BC0C8423D8EE7500B4A0C4 /* Magic 8 Ball */ = {
			isa = PBXNativeTarget;
			buildConfigurationList = A2BC0CAF23D8EE7A00B4A0C4 /* Build configuration list for PBXNativeTarget "Magic 8 Ball" */;
			buildPhases = (
				A2BC0C8123D8EE7500B4A0C4 /* Sources */,
				A2BC0C8223D8EE7500B4A0C4 /* Frameworks */,
				A2BC0C8323D8EE7500B4A0C4 /* Resources */,
			);
			buildRules = (
			);
			dependencies = (
			);
			name = "Magic 8 Ball";
			productName = "Magic 8 Ball";
			productReference = A2BC0C8523D8EE7500B4A0C4 /* Magic 8 Ball.app */;
			productType = "com.apple.product-type.application";
		};
		A2BC0C9A23D8EE7A00B4A0C4 /* Magic 8 BallTests */ = {
			isa = PBXNativeTarget;
			buildConfigurationList = A2BC0CB223D8EE7A00B4A0C4 /* Build configuration list for PBXNativeTarget "Magic 8 BallTests" */;
			buildPhases = (
				A2BC0C9723D8EE7A00B4A0C4 /* Sources */,
				A2BC0C9823D8EE7A00B4A0C4 /* Frameworks */,
				A2BC0C9923D8EE7A00B4A0C4 /* Resources */,
			);
			buildRules = (
			);
			dependencies = (
				A2BC0C9D23D8EE7A00B4A0C4 /* PBXTargetDependency */,
			);
			name = "Magic 8 BallTests";
			productName = "Magic 8 BallTests";
			productReference = A2BC0C9B23D8EE7A00B4A0C4 /* Magic 8 BallTests.xctest */;
			productType = "com.apple.product-type.bundle.unit-test";
		};
		A2BC0CA523D8EE7A00B4A0C4 /* Magic 8 BallUITests */ = {
			isa = PBXNativeTarget;
			buildConfigurationList = A2BC0CB523D8EE7A00B4A0C4 /* Build configuration list for PBXNativeTarget "Magic 8 BallUITests" */;
			buildPhases = (
				A2BC0CA223D8EE7A00B4A0C4 /* Sources */,
				A2BC0CA323D8EE7A00B4A0C4 /* Frameworks */,
				A2BC0CA423D8EE7A00B4A0C4 /* Resources */,
			);
			buildRules = (
			);
			dependencies = (
				A2BC0CA823D8EE7A00B4A0C4 /* PBXTargetDependency */,
			);
			name = "Magic 8 BallUITests";
			productName = "Magic 8 BallUITests";
			productReference = A2BC0CA623D8EE7A00B4A0C4 /* Magic 8 BallUITests.xctest */;
			productType = "com.apple.product-type.bundle.ui-testing";
		};
/* End PBXNativeTarget section */

/* Begin PBXProject section */
		A2BC0C7D23D8EE7500B4A0C4 /* Project object */ = {
			isa = PBXProject;
			attributes = {
				LastSwiftUpdateCheck = 1130;
				LastUpgradeCheck = 1130;
				ORGANIZATIONNAME = "Sarowar H. Mishkat";
				TargetAttributes = {
					A2BC0C8423D8EE7500B4A0C4 = {
						CreatedOnToolsVersion = 11.3;
					};
					A2BC0C9A23D8EE7A00B4A0C4 = {
						CreatedOnToolsVersion = 11.3;
						TestTargetID = A2BC0C8423D8EE7500B4A0C4;
					};
					A2BC0CA523D8EE7A00B4A0C4 = {
						CreatedOnToolsVersion = 11.3;
						TestTargetID = A2BC0C8423D8EE7500B4A0C4;
					};
				};
			};
			buildConfigurationList = A2BC0C8023D8EE7500B4A0C4 /* Build configuration list for PBXProject "Magic 8 Ball" */;
			compatibilityVersion = "Xcode 9.3";
			developmentRegion = en;
			hasScannedForEncodings = 0;
			knownRegions = (
				en,
				Base,
			);
			mainGroup = A2BC0C7C23D8EE7500B4A0C4;
			productRefGroup = A2BC0C8623D8EE7500B4A0C4 /* Products */;
			projectDirPath = "";
			projectRoot = "";
			targets = (
				A2BC0C8423D8EE7500B4A0C4 /* Magic 8 Ball */,
				A2BC0C9A23D8EE7A00B4A0C4 /* Magic 8 BallTests */,
				A2BC0CA523D8EE7A00B4A0C4 /* Magic 8 BallUITests */,
			);
		};
/* End PBXProject section */

/* Begin PBXResourcesBuildPhase section */
		A2BC0C8323D8EE7500B4A0C4 /* Resources */ = {
			isa = PBXResourcesBuildPhase;
			buildActionMask = 2147483647;
			files = (
				A2BC0C9523D8EE7A00B4A0C4 /* LaunchScreen.storyboard in Resources */,
				A2BC0C9223D8EE7A00B4A0C4 /* Assets.xcassets in Resources */,
				A2BC0C9023D8EE7500B4A0C4 /* Main.storyboard in Resources */,
			);
			runOnlyForDeploymentPostprocessing = 0;
		};
		A2BC0C9923D8EE7A00B4A0C4 /* Resources */ = {
			isa = PBXResourcesBuildPhase;
			buildActionMask = 2147483647;
			files = (
			);
			runOnlyForDeploymentPostprocessing = 0;
		};
		A2BC0CA423D8EE7A00B4A0C4 /* Resources */ = {
			isa = PBXResourcesBuildPhase;
			buildActionMask = 2147483647;
			files = (
			);
			runOnlyForDeploymentPostprocessing = 0;
		};
/* End PBXResourcesBuildPhase section */

/* Begin PBXSourcesBuildPhase section */
		A2BC0C8123D8EE7500B4A0C4 /* Sources */ = {
			isa = PBXSourcesBuildPhase;
			buildActionMask = 2147483647;
			files = (
				A2BC0C8D23D8EE7500B4A0C4 /* ViewController.swift in Sources */,
				A2BC0C8923D8EE7500B4A0C4 /* AppDelegate.swift in Sources */,
				A2BC0C8B23D8EE7500B4A0C4 /* SceneDelegate.swift in Sources */,
			);
			runOnlyForDeploymentPostprocessing = 0;
		};
		A2BC0C9723D8EE7A00B4A0C4 /* Sources */ = {
			isa = PBXSourcesBuildPhase;
			buildActionMask = 2147483647;
			files = (
				A2BC0CA023D8EE7A00B4A0C4 /* Magic_8_BallTests.swift in Sources */,
			);
			runOnlyForDeploymentPostprocessing = 0;
		};
		A2BC0CA223D8EE7A00B4A0C4 /* Sources */ = {
			isa = PBXSourcesBuildPhase;
			buildActionMask = 2147483647;
			files = (
				A2BC0CAB23D8EE7A00B4A0C4 /* Magic_8_BallUITests.swift in Sources */,
			);
			runOnlyForDeploymentPostprocessing = 0;
		};
/* End PBXSourcesBuildPhase section */

/* Begin PBXTargetDependency section */
		A2BC0C9D23D8EE7A00B4A0C4 /* PBXTargetDependency */ = {
			isa = PBXTargetDependency;
			target = A2BC0C8423D8EE7500B4A0C4 /* Magic 8 Ball */;
			targetProxy = A2BC0C9C23D8EE7A00B4A0C4 /* PBXContainerItemProxy */;
		};
		A2BC0CA823D8EE7A00B4A0C4 /* PBXTargetDependency */ = {
			isa = PBXTargetDependency;
			target = A2BC0C8423D8EE7500B4A0C4 /* Magic 8 Ball */;
			targetProxy = A2BC0CA723D8EE7A00B4A0C4 /* PBXContainerItemProxy */;
		};
/* End PBXTargetDependency section */

/* Begin PBXVariantGroup section */
		A2BC0C8E23D8EE7500B4A0C4 /* Main.storyboard */ = {
			isa = PBXVariantGroup;
			children = (
				A2BC0C8F23D8EE7500B4A0C4 /* Base */,
			);
			name = Main.storyboard;
			sourceTree = "<group>";
		};
		A2BC0C9323D8EE7A00B4A0C4 /* LaunchScreen.storyboard */ = {
			isa = PBXVariantGroup;
			children = (
				A2BC0C9423D8EE7A00B4A0C4 /* Base */,
			);
			name = LaunchScreen.storyboard;
			sourceTree = "<group>";
		};
/* End PBXVariantGroup section */

/* Begin XCBuildConfiguration section */
		A2BC0CAD23D8EE7A00B4A0C4 /* Debug */ = {
			isa = XCBuildConfiguration;
			buildSettings = {
				ALWAYS_SEARCH_USER_PATHS = NO;
				CLANG_ANALYZER_NONNULL = YES;
				CLANG_ANALYZER_NUMBER_OBJECT_CONVERSION = YES_AGGRESSIVE;
				CLANG_CXX_LANGUAGE_STANDARD = "gnu++14";
				CLANG_CXX_LIBRARY = "libc++";
				CLANG_ENABLE_MODULES = YES;
				CLANG_ENABLE_OBJC_ARC = YES;
				CLANG_ENABLE_OBJC_WEAK = YES;
				CLANG_WARN_BLOCK_CAPTURE_AUTORELEASING = YES;
				CLANG_WARN_BOOL_CONVERSION = YES;
				CLANG_WARN_COMMA = YES;
				CLANG_WARN_CONSTANT_CONVERSION = YES;
				CLANG_WARN_DEPRECATED_OBJC_IMPLEMENTATIONS = YES;
				CLANG_WARN_DIRECT_OBJC_ISA_USAGE = YES_ERROR;
				CLANG_WARN_DOCUMENTATION_COMMENTS = YES;
				CLANG_WARN_EMPTY_BODY = YES;
				CLANG_WARN_ENUM_CONVERSION = YES;
				CLANG_WARN_INFINITE_RECURSION = YES;
				CLANG_WARN_INT_CONVERSION = YES;
				CLANG_WARN_NON_LITERAL_NULL_CONVERSION = YES;
				CLANG_WARN_OBJC_IMPLICIT_RETAIN_SELF = YES;
				CLANG_WARN_OBJC_LITERAL_CONVERSION = YES;
				CLANG_WARN_OBJC_ROOT_CLASS = YES_ERROR;
				CLANG_WARN_RANGE_LOOP_ANALYSIS = YES;
				CLANG_WARN_STRICT_PROTOTYPES = YES;
				CLANG_WARN_SUSPICIOUS_MOVE = YES;
				CLANG_WARN_UNGUARDED_AVAILABILITY = YES_AGGRESSIVE;
				CLANG_WARN_UNREACHABLE_CODE = YES;
				CLANG_WARN__DUPLICATE_METHOD_MATCH = YES;
				COPY_PHASE_STRIP = NO;
				DEBUG_INFORMATION_FORMAT = dwarf;
				ENABLE_STRICT_OBJC_MSGSEND = YES;
				ENABLE_TESTABILITY = YES;
				GCC_C_LANGUAGE_STANDARD = gnu11;
				GCC_DYNAMIC_NO_PIC = NO;
				GCC_NO_COMMON_BLOCKS = YES;
				GCC_OPTIMIZATION_LEVEL = 0;
				GCC_PREPROCESSOR_DEFINITIONS = (
					"DEBUG=1",
					"$(inherited)",
				);
				GCC_WARN_64_TO_32_BIT_CONVERSION = YES;
				GCC_WARN_ABOUT_RETURN_TYPE = YES_ERROR;
				GCC_WARN_UNDECLARED_SELECTOR = YES;
				GCC_WARN_UNINITIALIZED_AUTOS = YES_AGGRESSIVE;
				GCC_WARN_UNUSED_FUNCTION = YES;
				GCC_WARN_UNUSED_VARIABLE = YES;
				IPHONEOS_DEPLOYMENT_TARGET = 13.2;
				MTL_ENABLE_DEBUG_INFO = INCLUDE_SOURCE;
				MTL_FAST_MATH = YES;
				ONLY_ACTIVE_ARCH = YES;
				SDKROOT = iphoneos;
				SWIFT_ACTIVE_COMPILATION_CONDITIONS = DEBUG;
				SWIFT_OPTIMIZATION_LEVEL = "-Onone";
			};
			name = Debug;
		};
		A2BC0CAE23D8EE7A00B4A0C4 /* Release */ = {
			isa = XCBuildConfiguration;
			buildSettings = {
				ALWAYS_SEARCH_USER_PATHS = NO;
				CLANG_ANALYZER_NONNULL = YES;
				CLANG_ANALYZER_NUMBER_OBJECT_CONVERSION = YES_AGGRESSIVE;
				CLANG_CXX_LANGUAGE_STANDARD = "gnu++14";
				CLANG_CXX_LIBRARY = "libc++";
				CLANG_ENABLE_MODULES = YES;
				CLANG_ENABLE_OBJC_ARC = YES;
				CLANG_ENABLE_OBJC_WEAK = YES;
				CLANG_WARN_BLOCK_CAPTURE_AUTORELEASING = YES;
				CLANG_WARN_BOOL_CONVERSION = YES;
				CLANG_WARN_COMMA = YES;
				CLANG_WARN_CONSTANT_CONVERSION = YES;
				CLANG_WARN_DEPRECATED_OBJC_IMPLEMENTATIONS = YES;
				CLANG_WARN_DIRECT_OBJC_ISA_USAGE = YES_ERROR;
				CLANG_WARN_DOCUMENTATION_COMMENTS = YES;
				CLANG_WARN_EMPTY_BODY = YES;
				CLANG_WARN_ENUM_CONVERSION = YES;
				CLANG_WARN_INFINITE_RECURSION = YES;
				CLANG_WARN_INT_CONVERSION = YES;
				CLANG_WARN_NON_LITERAL_NULL_CONVERSION = YES;
				CLANG_WARN_OBJC_IMPLICIT_RETAIN_SELF = YES;
				CLANG_WARN_OBJC_LITERAL_CONVERSION = YES;
				CLANG_WARN_OBJC_ROOT_CLASS = YES_ERROR;
				CLANG_WARN_RANGE_LOOP_ANALYSIS = YES;
				CLANG_WARN_STRICT_PROTOTYPES = YES;
				CLANG_WARN_SUSPICIOUS_MOVE = YES;
				CLANG_WARN_UNGUARDED_AVAILABILITY = YES_AGGRESSIVE;
				CLANG_WARN_UNREACHABLE_CODE = YES;
				CLANG_WARN__DUPLICATE_METHOD_MATCH = YES;
				COPY_PHASE_STRIP = NO;
				DEBUG_INFORMATION_FORMAT = "dwarf-with-dsym";
				ENABLE_NS_ASSERTIONS = NO;
				ENABLE_STRICT_OBJC_MSGSEND = YES;
				GCC_C_LANGUAGE_STANDARD = gnu11;
				GCC_NO_COMMON_BLOCKS = YES;
				GCC_WARN_64_TO_32_BIT_CONVERSION = YES;
				GCC_WARN_ABOUT_RETURN_TYPE = YES_ERROR;
				GCC_WARN_UNDECLARED_SELECTOR = YES;
				GCC_WARN_UNINITIALIZED_AUTOS = YES_AGGRESSIVE;
				GCC_WARN_UNUSED_FUNCTION = YES;
				GCC_WARN_UNUSED_VARIABLE = YES;
				IPHONEOS_DEPLOYMENT_TARGET = 13.2;
				MTL_ENABLE_DEBUG_INFO = NO;
				MTL_FAST_MATH = YES;
				SDKROOT = iphoneos;
				SWIFT_COMPILATION_MODE = wholemodule;
				SWIFT_OPTIMIZATION_LEVEL = "-O";
				VALIDATE_PRODUCT = YES;
			};
			name = Release;
		};
		A2BC0CB023D8EE7A00B4A0C4 /* Debug */ = {
			isa = XCBuildConfiguration;
			buildSettings = {
				ASSETCATALOG_COMPILER_APPICON_NAME = AppIcon;
				CODE_SIGN_STYLE = Automatic;
				INFOPLIST_FILE = "Magic 8 Ball/Info.plist";
				LD_RUNPATH_SEARCH_PATHS = (
					"$(inherited)",
					"@executable_path/Frameworks",
				);
				PRODUCT_BUNDLE_IDENTIFIER = "me.shmishkat.Magic-8-Ball";
				PRODUCT_NAME = "$(TARGET_NAME)";
				SWIFT_VERSION = 5.0;
				TARGETED_DEVICE_FAMILY = "1,2";
			};
			name = Debug;
		};
		A2BC0CB123D8EE7A00B4A0C4 /* Release */ = {
			isa = XCBuildConfiguration;
			buildSettings = {
				ASSETCATALOG_COMPILER_APPICON_NAME = AppIcon;
				CODE_SIGN_STYLE = Automatic;
				INFOPLIST_FILE = "Magic 8 Ball/Info.plist";
				LD_RUNPATH_SEARCH_PATHS = (
					"$(inherited)",
					"@executable_path/Frameworks",
				);
				PRODUCT_BUNDLE_IDENTIFIER = "me.shmishkat.Magic-8-Ball";
				PRODUCT_NAME = "$(TARGET_NAME)";
				SWIFT_VERSION = 5.0;
				TARGETED_DEVICE_FAMILY = "1,2";
			};
			name = Release;
		};
		A2BC0CB323D8EE7A00B4A0C4 /* Debug */ = {
			isa = XCBuildConfiguration;
			buildSettings = {
				ALWAYS_EMBED_SWIFT_STANDARD_LIBRARIES = YES;
				BUNDLE_LOADER = "$(TEST_HOST)";
				CODE_SIGN_STYLE = Automatic;
				INFOPLIST_FILE = "Magic 8 BallTests/Info.plist";
				IPHONEOS_DEPLOYMENT_TARGET = 13.2;
				LD_RUNPATH_SEARCH_PATHS = (
					"$(inherited)",
					"@executable_path/Frameworks",
					"@loader_path/Frameworks",
				);
				PRODUCT_BUNDLE_IDENTIFIER = "me.shmishkat.Magic-8-BallTests";
				PRODUCT_NAME = "$(TARGET_NAME)";
				SWIFT_VERSION = 5.0;
				TARGETED_DEVICE_FAMILY = "1,2";
				TEST_HOST = "$(BUILT_PRODUCTS_DIR)/Magic 8 Ball.app/Magic 8 Ball";
			};
			name = Debug;
		};
		A2BC0CB423D8EE7A00B4A0C4 /* Release */ = {
			isa = XCBuildConfiguration;
			buildSettings = {
				ALWAYS_EMBED_SWIFT_STANDARD_LIBRARIES = YES;
				BUNDLE_LOADER = "$(TEST_HOST)";
				CODE_SIGN_STYLE = Automatic;
				INFOPLIST_FILE = "Magic 8 BallTests/Info.plist";
				IPHONEOS_DEPLOYMENT_TARGET = 13.2;
				LD_RUNPATH_SEARCH_PATHS = (
					"$(inherited)",
					"@executable_path/Frameworks",
					"@loader_path/Frameworks",
				);
				PRODUCT_BUNDLE_IDENTIFIER = "me.shmishkat.Magic-8-BallTests";
				PRODUCT_NAME = "$(TARGET_NAME)";
				SWIFT_VERSION = 5.0;
				TARGETED_DEVICE_FAMILY = "1,2";
				TEST_HOST = "$(BUILT_PRODUCTS_DIR)/Magic 8 Ball.app/Magic 8 Ball";
			};
			name = Release;
		};
		A2BC0CB623D8EE7A00B4A0C4 /* Debug */ = {
			isa = XCBuildConfiguration;
			buildSettings = {
				ALWAYS_EMBED_SWIFT_STANDARD_LIBRARIES = YES;
				CODE_SIGN_STYLE = Automatic;
				INFOPLIST_FILE = "Magic 8 BallUITests/Info.plist";
				LD_RUNPATH_SEARCH_PATHS = (
					"$(inherited)",
					"@executable_path/Frameworks",
					"@loader_path/Frameworks",
				);
				PRODUCT_BUNDLE_IDENTIFIER = "me.shmishkat.Magic-8-BallUITests";
				PRODUCT_NAME = "$(TARGET_NAME)";
				SWIFT_VERSION = 5.0;
				TARGETED_DEVICE_FAMILY = "1,2";
				TEST_TARGET_NAME = "Magic 8 Ball";
			};
			name = Debug;
		};
		A2BC0CB723D8EE7A00B4A0C4 /* Release */ = {
			isa = XCBuildConfiguration;
			buildSettings = {
				ALWAYS_EMBED_SWIFT_STANDARD_LIBRARIES = YES;
				CODE_SIGN_STYLE = Automatic;
				INFOPLIST_FILE = "Magic 8 BallUITests/Info.plist";
				LD_RUNPATH_SEARCH_PATHS = (
					"$(inherited)",
					"@executable_path/Frameworks",
					"@loader_path/Frameworks",
				);
				PRODUCT_BUNDLE_IDENTIFIER = "me.shmishkat.Magic-8-BallUITests";
				PRODUCT_NAME = "$(TARGET_NAME)";
				SWIFT_VERSION = 5.0;
				TARGETED_DEVICE_FAMILY = "1,2";
				TEST_TARGET_NAME = "Magic 8 Ball";
			};
			name = Release;
		};
/* End XCBuildConfiguration section */

/* Begin XCConfigurationList section */
		A2BC0C8023D8EE7500B4A0C4 /* Build configuration list for PBXProject "Magic 8 Ball" */ = {
			isa = XCConfigurationList;
			buildConfigurations = (
				A2BC0CAD23D8EE7A00B4A0C4 /* Debug */,
				A2BC0CAE23D8EE7A00B4A0C4 /* Release */,
			);
			defaultConfigurationIsVisible = 0;
			defaultConfigurationName = Release;
		};
		A2BC0CAF23D8EE7A00B4A0C4 /* Build configuration list for PBXNativeTarget "Magic 8 Ball" */ = {
			isa = XCConfigurationList;
			buildConfigurations = (
				A2BC0CB023D8EE7A00B4A0C4 /* Debug */,
				A2BC0CB123D8EE7A00B4A0C4 /* Release */,
			);
			defaultConfigurationIsVisible = 0;
			defaultConfigurationName = Release;
		};
		A2BC0CB223D8EE7A00B4A0C4 /* Build configuration list for PBXNativeTarget "Magic 8 BallTests" */ = {
			isa = XCConfigurationList;
			buildConfigurations = (
				A2BC0CB323D8EE7A00B4A0C4 /* Debug */,
				A2BC0CB423D8EE7A00B4A0C4 /* Release */,
			);
			defaultConfigurationIsVisible = 0;
			defaultConfigurationName = Release;
		};
		A2BC0CB523D8EE7A00B4A0C4 /* Build configuration list for PBXNativeTarget "Magic 8 BallUITests" */ = {
			isa = XCConfigurationList;
			buildConfigurations = (
				A2BC0CB623D8EE7A00B4A0C4 /* Debug */,
				A2BC0CB723D8EE7A00B4A0C4 /* Release */,
			);
			defaultConfigurationIsVisible = 0;
			defaultConfigurationName = Release;
		};
/* End XCConfigurationList section */
	};
	rootObject = A2BC0C7D23D8EE7500B4A0C4 /* Project object */;
}
